
Microsoft Visual Studio Solution File, Format Version 12.00
# Visual Studio Version 16
VisualStudioVersion = 16.0.32413.511
MinimumVisualStudioVersion = 10.0.40219.1
Project("{FAE04EC0-301F-11D3-BF4B-00C04F79EFBC}") = "trabalho djalma", "trabalho djalma\trabalho djalma.csproj", "{D5F64E69-B0BC-42EC-8ED7-4CD56B91BD41}"
EndProject
Global
	GlobalSection(SolutionConfigurationPlatforms) = preSolution
		Debug|Any CPU = Debug|Any CPU
		Release|Any CPU = Release|Any CPU
	EndGlobalSection
	GlobalSection(ProjectConfigurationPlatforms) = postSolution
		{D5F64E69-B0BC-42EC-8ED7-4CD56B91BD41}.Debug|Any CPU.ActiveCfg = Debug|Any CPU
		{D5F64E69-B0BC-42EC-8ED7-4CD56B91BD41}.Debug|Any CPU.Build.0 = Debug|Any CPU
		{D5F64E69-B0BC-42EC-8ED7-4CD56B91BD41}.Release|Any CPU.ActiveCfg = Release|Any CPU
		{D5F64E69-B0BC-42EC-8ED7-4CD56B91BD41}.Release|Any CPU.Build.0 = Release|Any CPU
	EndGlobalSection
	GlobalSection(SolutionProperties) = preSolution
		HideSolutionNode = FALSE
	EndGlobalSection
	GlobalSection(ExtensibilityGlobals) = postSolution
		SolutionGuid = {0D7877AD-4A2C-497C-8DCC-5212C68141DE}
	EndGlobalSection
EndGlobal
